
Microsoft Visual Studio Solution File, Format Version 12.00
# Visual Studio Version 16
VisualStudioVersion = 16.0.29728.190
MinimumVisualStudioVersion = 10.0.40219.1
Project("{9A19103F-16F7-4668-BE54-9A1E7A4F7556}") = "ResourceConverter", "ResourceConverter\ResourceConverter.csproj", "{B09B4AC1-9F94-4701-9B2F-612DCCD3E389}"
EndProject
Project("{2150E333-8FDC-42A3-9474-1A3956D46DE8}") = "Solution Items", "Solution Items", "{6EA0D0E9-22DB-41BA-8DA6-68A4A3F130C2}"
	ProjectSection(SolutionItems) = preProject
		README.MD = README.MD
	EndProjectSection
EndProject
Project("{9A19103F-16F7-4668-BE54-9A1E7A4F7556}") = "ResourceConverterTests1", "ResourceConverterTests1\ResourceConverterTests1.csproj", "{60B31A65-BAF0-42A0-9A80-CD5100476899}"
EndProject
Global
	GlobalSection(SolutionConfigurationPlatforms) = preSolution
		Debug|Any CPU = Debug|Any CPU
		Release|Any CPU = Release|Any CPU
	EndGlobalSection
	GlobalSection(ProjectConfigurationPlatforms) = postSolution
		{B09B4AC1-9F94-4701-9B2F-612DCCD3E389}.Debug|Any CPU.ActiveCfg = Debug|Any CPU
		{B09B4AC1-9F94-4701-9B2F-612DCCD3E389}.Debug|Any CPU.Build.0 = Debug|Any CPU
		{B09B4AC1-9F94-4701-9B2F-612DCCD3E389}.Release|Any CPU.ActiveCfg = Release|Any CPU
		{B09B4AC1-9F94-4701-9B2F-612DCCD3E389}.Release|Any CPU.Build.0 = Release|Any CPU
		{60B31A65-BAF0-42A0-9A80-CD5100476899}.Debug|Any CPU.ActiveCfg = Debug|Any CPU
		{60B31A65-BAF0-42A0-9A80-CD5100476899}.Debug|Any CPU.Build.0 = Debug|Any CPU
		{60B31A65-BAF0-42A0-9A80-CD5100476899}.Release|Any CPU.ActiveCfg = Release|Any CPU
		{60B31A65-BAF0-42A0-9A80-CD5100476899}.Release|Any CPU.Build.0 = Release|Any CPU
	EndGlobalSection
	GlobalSection(SolutionProperties) = preSolution
		HideSolutionNode = FALSE
	EndGlobalSection
	GlobalSection(ExtensibilityGlobals) = postSolution
		SolutionGuid = {D4AACAF5-35E4-455E-98EF-8907255885F2}
	EndGlobalSection
EndGlobal
